
Microsoft Visual Studio Solution File, Format Version 12.00
# Visual Studio Version 16
VisualStudioVersion = 25.0.1705.2
MinimumVisualStudioVersion = 10.0.40219.1
Project("{FAE04EC0-301F-11D3-BF4B-00C04F79EFBC}") = "TaskListAPITest", "TaskListAPITest.csproj", "{BC164F7D-D770-4D19-9962-5E5089ADE43D}"
EndProject
Global
	GlobalSection(SolutionConfigurationPlatforms) = preSolution
		Debug|Any CPU = Debug|Any CPU
		Release|Any CPU = Release|Any CPU
	EndGlobalSection
	GlobalSection(ProjectConfigurationPlatforms) = postSolution
		{BC164F7D-D770-4D19-9962-5E5089ADE43D}.Debug|Any CPU.ActiveCfg = Debug|Any CPU
		{BC164F7D-D770-4D19-9962-5E5089ADE43D}.Debug|Any CPU.Build.0 = Debug|Any CPU
		{BC164F7D-D770-4D19-9962-5E5089ADE43D}.Release|Any CPU.ActiveCfg = Release|Any CPU
		{BC164F7D-D770-4D19-9962-5E5089ADE43D}.Release|Any CPU.Build.0 = Release|Any CPU
	EndGlobalSection
	GlobalSection(SolutionProperties) = preSolution
		HideSolutionNode = FALSE
	EndGlobalSection
	GlobalSection(ExtensibilityGlobals) = postSolution
		SolutionGuid = {AE547DE2-D22D-4E71-B8F7-C5F342C4F558}
	EndGlobalSection
EndGlobal
